// !$*UTF8*$!
{
	archiveVersion = 1;
	classes = {
	};
	objectVersion = 56;
	objects = {

/* Begin PBXBuildFile section */
		2104E81C2C9A2D8A00BFB419 /* AppDelegate.swift in Sources */ = {isa = PBXBuildFile; fileRef = 2104E81B2C9A2D8A00BFB419 /* AppDelegate.swift */; };
		2104E81E2C9A2D8A00BFB419 /* SceneDelegate.swift in Sources */ = {isa = PBXBuildFile; fileRef = 2104E81D2C9A2D8A00BFB419 /* SceneDelegate.swift */; };
		2104E8252C9A2D8C00BFB419 /* Assets.xcassets in Resources */ = {isa = PBXBuildFile; fileRef = 2104E8242C9A2D8C00BFB419 /* Assets.xcassets */; };
		2104E8282C9A2D8C00BFB419 /* LaunchScreen.storyboard in Resources */ = {isa = PBXBuildFile; fileRef = 2104E8262C9A2D8C00BFB419 /* LaunchScreen.storyboard */; };
		2104E8342C9C555F00BFB419 /* RecordersViewController.swift in Sources */ = {isa = PBXBuildFile; fileRef = 2104E8332C9C555F00BFB419 /* RecordersViewController.swift */; };
		2104E8362C9F09C100BFB419 /* RecordsViewController.swift in Sources */ = {isa = PBXBuildFile; fileRef = 2104E8352C9F09C100BFB419 /* RecordsViewController.swift */; };
		2104E83B2C9F0AE300BFB419 /* RecordViewController.swift in Sources */ = {isa = PBXBuildFile; fileRef = 2104E83A2C9F0AE300BFB419 /* RecordViewController.swift */; };
		2104E83D2C9F0D5C00BFB419 /* RecorderViewController.swift in Sources */ = {isa = PBXBuildFile; fileRef = 2104E83C2C9F0D5C00BFB419 /* RecorderViewController.swift */; };
		2104E83F2CA16B4000BFB419 /* Records.storyboard in Resources */ = {isa = PBXBuildFile; fileRef = 2104E83E2CA16B4000BFB419 /* Records.storyboard */; };
		2104E8412CA16D5200BFB419 /* Recorders.storyboard in Resources */ = {isa = PBXBuildFile; fileRef = 2104E8402CA16D5200BFB419 /* Recorders.storyboard */; };
		21EF6F922CA1811B0036B651 /* Recorder.swift in Sources */ = {isa = PBXBuildFile; fileRef = 21EF6F912CA1811B0036B651 /* Recorder.swift */; };
		21EF6F942CA181750036B651 /* RecorderItem.swift in Sources */ = {isa = PBXBuildFile; fileRef = 21EF6F932CA181750036B651 /* RecorderItem.swift */; };
/* End PBXBuildFile section */

/* Begin PBXFileReference section */
		2104E8182C9A2D8A00BFB419 /* myRecorder-iOS.app */ = {isa = PBXFileReference; explicitFileType = wrapper.application; includeInIndex = 0; path = "myRecorder-iOS.app"; sourceTree = BUILT_PRODUCTS_DIR; };
		2104E81B2C9A2D8A00BFB419 /* AppDelegate.swift */ = {isa = PBXFileReference; lastKnownFileType = sourcecode.swift; path = AppDelegate.swift; sourceTree = "<group>"; };
		2104E81D2C9A2D8A00BFB419 /* SceneDelegate.swift */ = {isa = PBXFileReference; lastKnownFileType = sourcecode.swift; path = SceneDelegate.swift; sourceTree = "<group>"; };
		2104E8242C9A2D8C00BFB419 /* Assets.xcassets */ = {isa = PBXFileReference; lastKnownFileType = folder.assetcatalog; path = Assets.xcassets; sourceTree = "<group>"; };
		2104E8272C9A2D8C00BFB419 /* Base */ = {isa = PBXFileReference; lastKnownFileType = file.storyboard; name = Base; path = Base.lproj/LaunchScreen.storyboard; sourceTree = "<group>"; };
		2104E8292C9A2D8C00BFB419 /* Info.plist */ = {isa = PBXFileReference; lastKnownFileType = text.plist.xml; path = Info.plist; sourceTree = "<group>"; };
		2104E8332C9C555F00BFB419 /* RecordersViewController.swift */ = {isa = PBXFileReference; lastKnownFileType = sourcecode.swift; path = RecordersViewController.swift; sourceTree = "<group>"; };
		2104E8352C9F09C100BFB419 /* RecordsViewController.swift */ = {isa = PBXFileReference; lastKnownFileType = sourcecode.swift; path = RecordsViewController.swift; sourceTree = "<group>"; };
		2104E83A2C9F0AE300BFB419 /* RecordViewController.swift */ = {isa = PBXFileReference; lastKnownFileType = sourcecode.swift; path = RecordViewController.swift; sourceTree = "<group>"; };
		2104E83C2C9F0D5C00BFB419 /* RecorderViewController.swift */ = {isa = PBXFileReference; lastKnownFileType = sourcecode.swift; path = RecorderViewController.swift; sourceTree = "<group>"; };
		2104E83E2CA16B4000BFB419 /* Records.storyboard */ = {isa = PBXFileReference; lastKnownFileType = file.storyboard; path = Records.storyboard; sourceTree = "<group>"; };
		2104E8402CA16D5200BFB419 /* Recorders.storyboard */ = {isa = PBXFileReference; lastKnownFileType = file.storyboard; path = Recorders.storyboard; sourceTree = "<group>"; };
		21EF6F912CA1811B0036B651 /* Recorder.swift */ = {isa = PBXFileReference; lastKnownFileType = sourcecode.swift; path = Recorder.swift; sourceTree = "<group>"; };
		21EF6F932CA181750036B651 /* RecorderItem.swift */ = {isa = PBXFileReference; lastKnownFileType = sourcecode.swift; path = RecorderItem.swift; sourceTree = "<group>"; };
/* End PBXFileReference section */

/* Begin PBXFrameworksBuildPhase section */
		2104E8152C9A2D8A00BFB419 /* Frameworks */ = {
			isa = PBXFrameworksBuildPhase;
			buildActionMask = 2147483647;
			files = (
			);
			runOnlyForDeploymentPostprocessing = 0;
		};
/* End PBXFrameworksBuildPhase section */

/* Begin PBXGroup section */
		2104E80F2C9A2D8A00BFB419 = {
			isa = PBXGroup;
			children = (
				2104E81A2C9A2D8A00BFB419 /* myRecorder-iOS */,
				2104E8192C9A2D8A00BFB419 /* Products */,
			);
			sourceTree = "<group>";
		};
		2104E8192C9A2D8A00BFB419 /* Products */ = {
			isa = PBXGroup;
			children = (
				2104E8182C9A2D8A00BFB419 /* myRecorder-iOS.app */,
			);
			name = Products;
			sourceTree = "<group>";
		};
		2104E81A2C9A2D8A00BFB419 /* myRecorder-iOS */ = {
			isa = PBXGroup;
			children = (
				2104E81B2C9A2D8A00BFB419 /* AppDelegate.swift */,
				2104E81D2C9A2D8A00BFB419 /* SceneDelegate.swift */,
				2104E8392C9F0A2B00BFB419 /* recorders */,
				2104E8372C9F0A0900BFB419 /* records */,
				2104E8242C9A2D8C00BFB419 /* Assets.xcassets */,
				2104E8262C9A2D8C00BFB419 /* LaunchScreen.storyboard */,
				2104E8292C9A2D8C00BFB419 /* Info.plist */,
			);
			path = "myRecorder-iOS";
			sourceTree = "<group>";
		};
		2104E8372C9F0A0900BFB419 /* records */ = {
			isa = PBXGroup;
			children = (
				2104E83E2CA16B4000BFB419 /* Records.storyboard */,
				2104E8352C9F09C100BFB419 /* RecordsViewController.swift */,
				2104E83A2C9F0AE300BFB419 /* RecordViewController.swift */,
			);
			path = records;
			sourceTree = "<group>";
		};
		2104E8392C9F0A2B00BFB419 /* recorders */ = {
			isa = PBXGroup;
			children = (
				2104E8402CA16D5200BFB419 /* Recorders.storyboard */,
				2104E8332C9C555F00BFB419 /* RecordersViewController.swift */,
				2104E83C2C9F0D5C00BFB419 /* RecorderViewController.swift */,
				21EF6F912CA1811B0036B651 /* Recorder.swift */,
				21EF6F932CA181750036B651 /* RecorderItem.swift */,
			);
			path = recorders;
			sourceTree = "<group>";
		};
/* End PBXGroup section */

/* Begin PBXNativeTarget section */
		2104E8172C9A2D8A00BFB419 /* myRecorder-iOS */ = {
			isa = PBXNativeTarget;
			buildConfigurationList = 2104E82C2C9A2D8C00BFB419 /* Build configuration list for PBXNativeTarget "myRecorder-iOS" */;
			buildPhases = (
				2104E8142C9A2D8A00BFB419 /* Sources */,
				2104E8152C9A2D8A00BFB419 /* Frameworks */,
				2104E8162C9A2D8A00BFB419 /* Resources */,
			);
			buildRules = (
			);
			dependencies = (
			);
			name = "myRecorder-iOS";
			productName = "myRecorder-iOS";
			productReference = 2104E8182C9A2D8A00BFB419 /* myRecorder-iOS.app */;
			productType = "com.apple.product-type.application";
		};
/* End PBXNativeTarget section */

/* Begin PBXProject section */
		2104E8102C9A2D8A00BFB419 /* Project object */ = {
			isa = PBXProject;
			attributes = {
				BuildIndependentTargetsInParallel = 1;
				LastSwiftUpdateCheck = 1520;
				LastUpgradeCheck = 1520;
				TargetAttributes = {
					2104E8172C9A2D8A00BFB419 = {
						CreatedOnToolsVersion = 15.2;
					};
				};
			};
			buildConfigurationList = 2104E8132C9A2D8A00BFB419 /* Build configuration list for PBXProject "myRecorder-iOS" */;
			compatibilityVersion = "Xcode 14.0";
			developmentRegion = en;
			hasScannedForEncodings = 0;
			knownRegions = (
				en,
				Base,
			);
			mainGroup = 2104E80F2C9A2D8A00BFB419;
			productRefGroup = 2104E8192C9A2D8A00BFB419 /* Products */;
			projectDirPath = "";
			projectRoot = "";
			targets = (
				2104E8172C9A2D8A00BFB419 /* myRecorder-iOS */,
			);
		};
/* End PBXProject section */

/* Begin PBXResourcesBuildPhase section */
		2104E8162C9A2D8A00BFB419 /* Resources */ = {
			isa = PBXResourcesBuildPhase;
			buildActionMask = 2147483647;
			files = (
				2104E8412CA16D5200BFB419 /* Recorders.storyboard in Resources */,
				2104E8282C9A2D8C00BFB419 /* LaunchScreen.storyboard in Resources */,
				2104E8252C9A2D8C00BFB419 /* Assets.xcassets in Resources */,
				2104E83F2CA16B4000BFB419 /* Records.storyboard in Resources */,
			);
			runOnlyForDeploymentPostprocessing = 0;
		};
/* End PBXResourcesBuildPhase section */

/* Begin PBXSourcesBuildPhase section */
		2104E8142C9A2D8A00BFB419 /* Sources */ = {
			isa = PBXSourcesBuildPhase;
			buildActionMask = 2147483647;
			files = (
				2104E83D2C9F0D5C00BFB419 /* RecorderViewController.swift in Sources */,
				2104E81C2C9A2D8A00BFB419 /* AppDelegate.swift in Sources */,
				2104E8362C9F09C100BFB419 /* RecordsViewController.swift in Sources */,
				2104E83B2C9F0AE300BFB419 /* RecordViewController.swift in Sources */,
				21EF6F942CA181750036B651 /* RecorderItem.swift in Sources */,
				2104E8342C9C555F00BFB419 /* RecordersViewController.swift in Sources */,
				21EF6F922CA1811B0036B651 /* Recorder.swift in Sources */,
				2104E81E2C9A2D8A00BFB419 /* SceneDelegate.swift in Sources */,
			);
			runOnlyForDeploymentPostprocessing = 0;
		};
/* End PBXSourcesBuildPhase section */

/* Begin PBXVariantGroup section */
		2104E8262C9A2D8C00BFB419 /* LaunchScreen.storyboard */ = {
			isa = PBXVariantGroup;
			children = (
				2104E8272C9A2D8C00BFB419 /* Base */,
			);
			name = LaunchScreen.storyboard;
			sourceTree = "<group>";
		};
/* End PBXVariantGroup section */

/* Begin XCBuildConfiguration section */
		2104E82A2C9A2D8C00BFB419 /* Debug */ = {
			isa = XCBuildConfiguration;
			buildSettings = {
				ALWAYS_SEARCH_USER_PATHS = NO;
				ASSETCATALOG_COMPILER_GENERATE_SWIFT_ASSET_SYMBOL_EXTENSIONS = YES;
				CLANG_ANALYZER_NONNULL = YES;
				CLANG_ANALYZER_NUMBER_OBJECT_CONVERSION = YES_AGGRESSIVE;
				CLANG_CXX_LANGUAGE_STANDARD = "gnu++20";
				CLANG_ENABLE_MODULES = YES;
				CLANG_ENABLE_OBJC_ARC = YES;
				CLANG_ENABLE_OBJC_WEAK = YES;
				CLANG_WARN_BLOCK_CAPTURE_AUTORELEASING = YES;
				CLANG_WARN_BOOL_CONVERSION = YES;
				CLANG_WARN_COMMA = YES;
				CLANG_WARN_CONSTANT_CONVERSION = YES;
				CLANG_WARN_DEPRECATED_OBJC_IMPLEMENTATIONS = YES;
				CLANG_WARN_DIRECT_OBJC_ISA_USAGE = YES_ERROR;
				CLANG_WARN_DOCUMENTATION_COMMENTS = YES;
				CLANG_WARN_EMPTY_BODY = YES;
				CLANG_WARN_ENUM_CONVERSION = YES;
				CLANG_WARN_INFINITE_RECURSION = YES;
				CLANG_WARN_INT_CONVERSION = YES;
				CLANG_WARN_NON_LITERAL_NULL_CONVERSION = YES;
				CLANG_WARN_OBJC_IMPLICIT_RETAIN_SELF = YES;
				CLANG_WARN_OBJC_LITERAL_CONVERSION = YES;
				CLANG_WARN_OBJC_ROOT_CLASS = YES_ERROR;
				CLANG_WARN_QUOTED_INCLUDE_IN_FRAMEWORK_HEADER = YES;
				CLANG_WARN_RANGE_LOOP_ANALYSIS = YES;
				CLANG_WARN_STRICT_PROTOTYPES = YES;
				CLANG_WARN_SUSPICIOUS_MOVE = YES;
				CLANG_WARN_UNGUARDED_AVAILABILITY = YES_AGGRESSIVE;
				CLANG_WARN_UNREACHABLE_CODE = YES;
				CLANG_WARN__DUPLICATE_METHOD_MATCH = YES;
				COPY_PHASE_STRIP = NO;
				DEBUG_INFORMATION_FORMAT = dwarf;
				ENABLE_STRICT_OBJC_MSGSEND = YES;
				ENABLE_TESTABILITY = YES;
				ENABLE_USER_SCRIPT_SANDBOXING = YES;
				GCC_C_LANGUAGE_STANDARD = gnu17;
				GCC_DYNAMIC_NO_PIC = NO;
				GCC_NO_COMMON_BLOCKS = YES;
				GCC_OPTIMIZATION_LEVEL = 0;
				GCC_PREPROCESSOR_DEFINITIONS = (
					"DEBUG=1",
					"$(inherited)",
				);
				GCC_WARN_64_TO_32_BIT_CONVERSION = YES;
				GCC_WARN_ABOUT_RETURN_TYPE = YES_ERROR;
				GCC_WARN_UNDECLARED_SELECTOR = YES;
				GCC_WARN_UNINITIALIZED_AUTOS = YES_AGGRESSIVE;
				GCC_WARN_UNUSED_FUNCTION = YES;
				GCC_WARN_UNUSED_VARIABLE = YES;
				IPHONEOS_DEPLOYMENT_TARGET = 17.2;
				LOCALIZATION_PREFERS_STRING_CATALOGS = YES;
				MTL_ENABLE_DEBUG_INFO = INCLUDE_SOURCE;
				MTL_FAST_MATH = YES;
				ONLY_ACTIVE_ARCH = YES;
				SDKROOT = iphoneos;
				SWIFT_ACTIVE_COMPILATION_CONDITIONS = "DEBUG $(inherited)";
				SWIFT_OPTIMIZATION_LEVEL = "-Onone";
			};
			name = Debug;
		};
		2104E82B2C9A2D8C00BFB419 /* Release */ = {
			isa = XCBuildConfiguration;
			buildSettings = {
				ALWAYS_SEARCH_USER_PATHS = NO;
				ASSETCATALOG_COMPILER_GENERATE_SWIFT_ASSET_SYMBOL_EXTENSIONS = YES;
				CLANG_ANALYZER_NONNULL = YES;
				CLANG_ANALYZER_NUMBER_OBJECT_CONVERSION = YES_AGGRESSIVE;
				CLANG_CXX_LANGUAGE_STANDARD = "gnu++20";
				CLANG_ENABLE_MODULES = YES;
				CLANG_ENABLE_OBJC_ARC = YES;
				CLANG_ENABLE_OBJC_WEAK = YES;
				CLANG_WARN_BLOCK_CAPTURE_AUTORELEASING = YES;
				CLANG_WARN_BOOL_CONVERSION = YES;
				CLANG_WARN_COMMA = YES;
				CLANG_WARN_CONSTANT_CONVERSION = YES;
				CLANG_WARN_DEPRECATED_OBJC_IMPLEMENTATIONS = YES;
				CLANG_WARN_DIRECT_OBJC_ISA_USAGE = YES_ERROR;
				CLANG_WARN_DOCUMENTATION_COMMENTS = YES;
				CLANG_WARN_EMPTY_BODY = YES;
				CLANG_WARN_ENUM_CONVERSION = YES;
				CLANG_WARN_INFINITE_RECURSION = YES;
				CLANG_WARN_INT_CONVERSION = YES;
				CLANG_WARN_NON_LITERAL_NULL_CONVERSION = YES;
				CLANG_WARN_OBJC_IMPLICIT_RETAIN_SELF = YES;
				CLANG_WARN_OBJC_LITERAL_CONVERSION = YES;
				CLANG_WARN_OBJC_ROOT_CLASS = YES_ERROR;
				CLANG_WARN_QUOTED_INCLUDE_IN_FRAMEWORK_HEADER = YES;
				CLANG_WARN_RANGE_LOOP_ANALYSIS = YES;
				CLANG_WARN_STRICT_PROTOTYPES = YES;
				CLANG_WARN_SUSPICIOUS_MOVE = YES;
				CLANG_WARN_UNGUARDED_AVAILABILITY = YES_AGGRESSIVE;
				CLANG_WARN_UNREACHABLE_CODE = YES;
				CLANG_WARN__DUPLICATE_METHOD_MATCH = YES;
				COPY_PHASE_STRIP = NO;
				DEBUG_INFORMATION_FORMAT = "dwarf-with-dsym";
				ENABLE_NS_ASSERTIONS = NO;
				ENABLE_STRICT_OBJC_MSGSEND = YES;
				ENABLE_USER_SCRIPT_SANDBOXING = YES;
				GCC_C_LANGUAGE_STANDARD = gnu17;
				GCC_NO_COMMON_BLOCKS = YES;
				GCC_WARN_64_TO_32_BIT_CONVERSION = YES;
				GCC_WARN_ABOUT_RETURN_TYPE = YES_ERROR;
				GCC_WARN_UNDECLARED_SELECTOR = YES;
				GCC_WARN_UNINITIALIZED_AUTOS = YES_AGGRESSIVE;
				GCC_WARN_UNUSED_FUNCTION = YES;
				GCC_WARN_UNUSED_VARIABLE = YES;
				IPHONEOS_DEPLOYMENT_TARGET = 17.2;
				LOCALIZATION_PREFERS_STRING_CATALOGS = YES;
				MTL_ENABLE_DEBUG_INFO = NO;
				MTL_FAST_MATH = YES;
				SDKROOT = iphoneos;
				SWIFT_COMPILATION_MODE = wholemodule;
				VALIDATE_PRODUCT = YES;
			};
			name = Release;
		};
		2104E82D2C9A2D8C00BFB419 /* Debug */ = {
			isa = XCBuildConfiguration;
			buildSettings = {
				ASSETCATALOG_COMPILER_APPICON_NAME = AppIcon;
				ASSETCATALOG_COMPILER_GLOBAL_ACCENT_COLOR_NAME = AccentColor;
				CODE_SIGN_STYLE = Automatic;
				CURRENT_PROJECT_VERSION = 1;
				DEVELOPMENT_TEAM = 2WQURSS6Y6;
				GENERATE_INFOPLIST_FILE = YES;
				INFOPLIST_FILE = "myRecorder-iOS/Info.plist";
				INFOPLIST_KEY_UIApplicationSupportsIndirectInputEvents = YES;
				INFOPLIST_KEY_UILaunchStoryboardName = LaunchScreen;
				INFOPLIST_KEY_UIMainStoryboardFile = Main;
				INFOPLIST_KEY_UISupportedInterfaceOrientations_iPad = "UIInterfaceOrientationPortrait UIInterfaceOrientationPortraitUpsideDown UIInterfaceOrientationLandscapeLeft UIInterfaceOrientationLandscapeRight";
				INFOPLIST_KEY_UISupportedInterfaceOrientations_iPhone = "UIInterfaceOrientationPortrait UIInterfaceOrientationLandscapeLeft UIInterfaceOrientationLandscapeRight";
				LD_RUNPATH_SEARCH_PATHS = (
					"$(inherited)",
					"@executable_path/Frameworks",
				);
				MARKETING_VERSION = 1.0;
				PRODUCT_BUNDLE_IDENTIFIER = "com.sgmkhr.myRecorder-iOS";
				PRODUCT_NAME = "$(TARGET_NAME)";
				SWIFT_EMIT_LOC_STRINGS = YES;
				SWIFT_VERSION = 5.0;
				TARGETED_DEVICE_FAMILY = "1,2";
			};
			name = Debug;
		};
		2104E82E2C9A2D8C00BFB419 /* Release */ = {
			isa = XCBuildConfiguration;
			buildSettings = {
				ASSETCATALOG_COMPILER_APPICON_NAME = AppIcon;
				ASSETCATALOG_COMPILER_GLOBAL_ACCENT_COLOR_NAME = AccentColor;
				CODE_SIGN_STYLE = Automatic;
				CURRENT_PROJECT_VERSION = 1;
				DEVELOPMENT_TEAM = 2WQURSS6Y6;
				GENERATE_INFOPLIST_FILE = YES;
				INFOPLIST_FILE = "myRecorder-iOS/Info.plist";
				INFOPLIST_KEY_UIApplicationSupportsIndirectInputEvents = YES;
				INFOPLIST_KEY_UILaunchStoryboardName = LaunchScreen;
				INFOPLIST_KEY_UIMainStoryboardFile = Main;
				INFOPLIST_KEY_UISupportedInterfaceOrientations_iPad = "UIInterfaceOrientationPortrait UIInterfaceOrientationPortraitUpsideDown UIInterfaceOrientationLandscapeLeft UIInterfaceOrientationLandscapeRight";
				INFOPLIST_KEY_UISupportedInterfaceOrientations_iPhone = "UIInterfaceOrientationPortrait UIInterfaceOrientationLandscapeLeft UIInterfaceOrientationLandscapeRight";
				LD_RUNPATH_SEARCH_PATHS = (
					"$(inherited)",
					"@executable_path/Frameworks",
				);
				MARKETING_VERSION = 1.0;
				PRODUCT_BUNDLE_IDENTIFIER = "com.sgmkhr.myRecorder-iOS";
				PRODUCT_NAME = "$(TARGET_NAME)";
				SWIFT_EMIT_LOC_STRINGS = YES;
				SWIFT_VERSION = 5.0;
				TARGETED_DEVICE_FAMILY = "1,2";
			};
			name = Release;
		};
/* End XCBuildConfiguration section */

/* Begin XCConfigurationList section */
		2104E8132C9A2D8A00BFB419 /* Build configuration list for PBXProject "myRecorder-iOS" */ = {
			isa = XCConfigurationList;
			buildConfigurations = (
				2104E82A2C9A2D8C00BFB419 /* Debug */,
				2104E82B2C9A2D8C00BFB419 /* Release */,
			);
			defaultConfigurationIsVisible = 0;
			defaultConfigurationName = Release;
		};
		2104E82C2C9A2D8C00BFB419 /* Build configuration list for PBXNativeTarget "myRecorder-iOS" */ = {
			isa = XCConfigurationList;
			buildConfigurations = (
				2104E82D2C9A2D8C00BFB419 /* Debug */,
				2104E82E2C9A2D8C00BFB419 /* Release */,
			);
			defaultConfigurationIsVisible = 0;
			defaultConfigurationName = Release;
		};
/* End XCConfigurationList section */
	};
	rootObject = 2104E8102C9A2D8A00BFB419 /* Project object */;
}
